
Microsoft Visual Studio Solution File, Format Version 11.00
# Visual Studio 2010
Project("{FAE04EC0-301F-11D3-BF4B-00C04F79EFBC}") = "Rhino.ServiceBus.SqlSubscriptionStorage", "Rhino.ServiceBus.SqlSubscriptionStorage\Rhino.ServiceBus.SqlSubscriptionStorage.csproj", "{A0E79E7F-E196-43A4-8FDB-E3922C443CA8}"
EndProject
Project("{2150E333-8FDC-42A3-9474-1A3956D46DE8}") = ".nuget", ".nuget", "{0E473BF6-0C8A-46E9-9F82-65394B268BB1}"
	ProjectSection(SolutionItems) = preProject
		.nuget\NuGet.Config = .nuget\NuGet.Config
		.nuget\NuGet.exe = .nuget\NuGet.exe
		.nuget\NuGet.targets = .nuget\NuGet.targets
	EndProjectSection
EndProject
Project("{FAE04EC0-301F-11D3-BF4B-00C04F79EFBC}") = "Rhino.ServiceBus.SqlSubscriptionStorage.Tests", "Rhino.ServiceBus.SqlSubscriptionStorage.Tests\Rhino.ServiceBus.SqlSubscriptionStorage.Tests.csproj", "{D03A17D0-F954-4BC6-8AC8-01E205A95028}"
EndProject
Global
	GlobalSection(SolutionConfigurationPlatforms) = preSolution
		Debug|Any CPU = Debug|Any CPU
		Release|Any CPU = Release|Any CPU
	EndGlobalSection
	GlobalSection(ProjectConfigurationPlatforms) = postSolution
		{A0E79E7F-E196-43A4-8FDB-E3922C443CA8}.Debug|Any CPU.ActiveCfg = Debug|Any CPU
		{A0E79E7F-E196-43A4-8FDB-E3922C443CA8}.Debug|Any CPU.Build.0 = Debug|Any CPU
		{A0E79E7F-E196-43A4-8FDB-E3922C443CA8}.Release|Any CPU.ActiveCfg = Release|Any CPU
		{A0E79E7F-E196-43A4-8FDB-E3922C443CA8}.Release|Any CPU.Build.0 = Release|Any CPU
		{D03A17D0-F954-4BC6-8AC8-01E205A95028}.Debug|Any CPU.ActiveCfg = Debug|Any CPU
		{D03A17D0-F954-4BC6-8AC8-01E205A95028}.Debug|Any CPU.Build.0 = Debug|Any CPU
		{D03A17D0-F954-4BC6-8AC8-01E205A95028}.Release|Any CPU.ActiveCfg = Release|Any CPU
		{D03A17D0-F954-4BC6-8AC8-01E205A95028}.Release|Any CPU.Build.0 = Release|Any CPU
	EndGlobalSection
	GlobalSection(SolutionProperties) = preSolution
		HideSolutionNode = FALSE
	EndGlobalSection
EndGlobal
